
Microsoft Visual Studio Solution File, Format Version 12.00
# Visual Studio Version 16
VisualStudioVersion = 16.0.33328.57
MinimumVisualStudioVersion = 10.0.40219.1
Project("{FAE04EC0-301F-11D3-BF4B-00C04F79EFBC}") = "eightSecond", "eightSecond\eightSecond.csproj", "{870F523B-29FD-4988-8BD7-3756F036C3BC}"
EndProject
Global
	GlobalSection(SolutionConfigurationPlatforms) = preSolution
		Debug|Any CPU = Debug|Any CPU
		Release|Any CPU = Release|Any CPU
	EndGlobalSection
	GlobalSection(ProjectConfigurationPlatforms) = postSolution
		{870F523B-29FD-4988-8BD7-3756F036C3BC}.Debug|Any CPU.ActiveCfg = Debug|Any CPU
		{870F523B-29FD-4988-8BD7-3756F036C3BC}.Debug|Any CPU.Build.0 = Debug|Any CPU
		{870F523B-29FD-4988-8BD7-3756F036C3BC}.Release|Any CPU.ActiveCfg = Release|Any CPU
		{870F523B-29FD-4988-8BD7-3756F036C3BC}.Release|Any CPU.Build.0 = Release|Any CPU
	EndGlobalSection
	GlobalSection(SolutionProperties) = preSolution
		HideSolutionNode = FALSE
	EndGlobalSection
	GlobalSection(ExtensibilityGlobals) = postSolution
		SolutionGuid = {C16CAA17-1213-41E9-9609-530BCCF1E125}
	EndGlobalSection
EndGlobal
