
Microsoft Visual Studio Solution File, Format Version 12.00
# Visual Studio Version 16
VisualStudioVersion = 16.0.33328.57
MinimumVisualStudioVersion = 10.0.40219.1
Project("{FAE04EC0-301F-11D3-BF4B-00C04F79EFBC}") = "ThirdLab", "ThirdLab\ThirdLab.csproj", "{79C34338-442B-49E3-80AD-FE2F990F7402}"
EndProject
Global
	GlobalSection(SolutionConfigurationPlatforms) = preSolution
		Debug|Any CPU = Debug|Any CPU
		Release|Any CPU = Release|Any CPU
	EndGlobalSection
	GlobalSection(ProjectConfigurationPlatforms) = postSolution
		{79C34338-442B-49E3-80AD-FE2F990F7402}.Debug|Any CPU.ActiveCfg = Debug|Any CPU
		{79C34338-442B-49E3-80AD-FE2F990F7402}.Debug|Any CPU.Build.0 = Debug|Any CPU
		{79C34338-442B-49E3-80AD-FE2F990F7402}.Release|Any CPU.ActiveCfg = Release|Any CPU
		{79C34338-442B-49E3-80AD-FE2F990F7402}.Release|Any CPU.Build.0 = Release|Any CPU
	EndGlobalSection
	GlobalSection(SolutionProperties) = preSolution
		HideSolutionNode = FALSE
	EndGlobalSection
	GlobalSection(ExtensibilityGlobals) = postSolution
		SolutionGuid = {56AEFE7E-D401-4E3E-B216-809C08131387}
	EndGlobalSection
EndGlobal
